
Microsoft Visual Studio Solution File, Format Version 12.00
# Visual Studio Version 16
VisualStudioVersion = 16.0.31129.286
MinimumVisualStudioVersion = 10.0.40219.1
Project("{9A19103F-16F7-4668-BE54-9A1E7A4F7556}") = "ReactNet.Data", "ReactNet.Data\ReactNet.Data.csproj", "{0E474FD0-E4D1-4CE2-A929-00BAFDC60338}"
EndProject
Project("{9A19103F-16F7-4668-BE54-9A1E7A4F7556}") = "ReactNet.Service", "ReactNet.Service\ReactNet.Service.csproj", "{7F399721-BF4A-4070-B9E1-7C98797D64A6}"
EndProject
Project("{9A19103F-16F7-4668-BE54-9A1E7A4F7556}") = "ReactNet.Entities", "ReactNet.Entities\ReactNet.Entities.csproj", "{98BC621F-027A-4295-8036-AA160B2F5D85}"
EndProject
Project("{9A19103F-16F7-4668-BE54-9A1E7A4F7556}") = "ReactNet.Common", "ReactNet.Common\ReactNet.Common.csproj", "{E45B54BC-B925-4EDA-8A61-55D6BD423FB5}"
EndProject
Project("{FAE04EC0-301F-11D3-BF4B-00C04F79EFBC}") = "ReactNet.API", "ReactNet.API\ReactNet.API.csproj", "{D508528F-F782-43B3-9579-AD67B008C086}"
EndProject
Global
	GlobalSection(SolutionConfigurationPlatforms) = preSolution
		Debug|Any CPU = Debug|Any CPU
		Release|Any CPU = Release|Any CPU
	EndGlobalSection
	GlobalSection(ProjectConfigurationPlatforms) = postSolution
		{0E474FD0-E4D1-4CE2-A929-00BAFDC60338}.Debug|Any CPU.ActiveCfg = Debug|Any CPU
		{0E474FD0-E4D1-4CE2-A929-00BAFDC60338}.Debug|Any CPU.Build.0 = Debug|Any CPU
		{0E474FD0-E4D1-4CE2-A929-00BAFDC60338}.Release|Any CPU.ActiveCfg = Release|Any CPU
		{0E474FD0-E4D1-4CE2-A929-00BAFDC60338}.Release|Any CPU.Build.0 = Release|Any CPU
		{7F399721-BF4A-4070-B9E1-7C98797D64A6}.Debug|Any CPU.ActiveCfg = Debug|Any CPU
		{7F399721-BF4A-4070-B9E1-7C98797D64A6}.Debug|Any CPU.Build.0 = Debug|Any CPU
		{7F399721-BF4A-4070-B9E1-7C98797D64A6}.Release|Any CPU.ActiveCfg = Release|Any CPU
		{7F399721-BF4A-4070-B9E1-7C98797D64A6}.Release|Any CPU.Build.0 = Release|Any CPU
		{98BC621F-027A-4295-8036-AA160B2F5D85}.Debug|Any CPU.ActiveCfg = Debug|Any CPU
		{98BC621F-027A-4295-8036-AA160B2F5D85}.Debug|Any CPU.Build.0 = Debug|Any CPU
		{98BC621F-027A-4295-8036-AA160B2F5D85}.Release|Any CPU.ActiveCfg = Release|Any CPU
		{98BC621F-027A-4295-8036-AA160B2F5D85}.Release|Any CPU.Build.0 = Release|Any CPU
		{E45B54BC-B925-4EDA-8A61-55D6BD423FB5}.Debug|Any CPU.ActiveCfg = Debug|Any CPU
		{E45B54BC-B925-4EDA-8A61-55D6BD423FB5}.Debug|Any CPU.Build.0 = Debug|Any CPU
		{E45B54BC-B925-4EDA-8A61-55D6BD423FB5}.Release|Any CPU.ActiveCfg = Release|Any CPU
		{E45B54BC-B925-4EDA-8A61-55D6BD423FB5}.Release|Any CPU.Build.0 = Release|Any CPU
		{D508528F-F782-43B3-9579-AD67B008C086}.Debug|Any CPU.ActiveCfg = Debug|Any CPU
		{D508528F-F782-43B3-9579-AD67B008C086}.Debug|Any CPU.Build.0 = Debug|Any CPU
		{D508528F-F782-43B3-9579-AD67B008C086}.Release|Any CPU.ActiveCfg = Release|Any CPU
		{D508528F-F782-43B3-9579-AD67B008C086}.Release|Any CPU.Build.0 = Release|Any CPU
	EndGlobalSection
	GlobalSection(SolutionProperties) = preSolution
		HideSolutionNode = FALSE
	EndGlobalSection
	GlobalSection(ExtensibilityGlobals) = postSolution
		SolutionGuid = {72506284-11A4-450A-BF79-C7A7D5E333A2}
	EndGlobalSection
EndGlobal
